// !$*UTF8*$!
{
	archiveVersion = 1;
	classes = {
	};
	objectVersion = 46;
	objects = {

/* Begin PBXBuildFile section */
		E307755D1EDFBA19008D133E /* main.cpp in Sources */ = {isa = PBXBuildFile; fileRef = E307755C1EDFBA19008D133E /* main.cpp */; };
		E30775651EDFBBA7008D133E /* OpenGL.framework in Frameworks */ = {isa = PBXBuildFile; fileRef = E30775641EDFBBA7008D133E /* OpenGL.framework */; };
		E30775671EDFBC1E008D133E /* libglfw.3.2.dylib in Frameworks */ = {isa = PBXBuildFile; fileRef = E30775661EDFBC1E008D133E /* libglfw.3.2.dylib */; };
		E30775691EDFBC44008D133E /* libGLEW.2.0.0.dylib in Frameworks */ = {isa = PBXBuildFile; fileRef = E30775681EDFBC44008D133E /* libGLEW.2.0.0.dylib */; };
		E307756B1EDFBC59008D133E /* libassimp.3.3.1.dylib in Frameworks */ = {isa = PBXBuildFile; fileRef = E307756A1EDFBC59008D133E /* libassimp.3.3.1.dylib */; };
		E30775701EDFC988008D133E /* fragment.shader in CopyFiles */ = {isa = PBXBuildFile; fileRef = E307756C1EDFBCDF008D133E /* fragment.shader */; };
		E30775711EDFC98D008D133E /* vertex.shader in CopyFiles */ = {isa = PBXBuildFile; fileRef = E307756D1EDFBCF4008D133E /* vertex.shader */; };
		E3C338481EE3826C00DEF2A4 /* vertex2.shader in CopyFiles */ = {isa = PBXBuildFile; fileRef = E3C338461EE3804A00DEF2A4 /* vertex2.shader */; };
		E3C338491EE3827100DEF2A4 /* fragment2.shader in CopyFiles */ = {isa = PBXBuildFile; fileRef = E3C338471EE381E400DEF2A4 /* fragment2.shader */; };
		E3C3384A1EE3827F00DEF2A4 /* shader.h in CopyFiles */ = {isa = PBXBuildFile; fileRef = E3C338451EE37DD000DEF2A4 /* shader.h */; };
/* End PBXBuildFile section */

/* Begin PBXCopyFilesBuildPhase section */
		E30775571EDFBA19008D133E /* CopyFiles */ = {
			isa = PBXCopyFilesBuildPhase;
			buildActionMask = 12;
			dstPath = "";
			dstSubfolderSpec = 7;
			files = (
				E3C3384A1EE3827F00DEF2A4 /* shader.h in CopyFiles */,
				E3C338491EE3827100DEF2A4 /* fragment2.shader in CopyFiles */,
				E3C338481EE3826C00DEF2A4 /* vertex2.shader in CopyFiles */,
				E30775711EDFC98D008D133E /* vertex.shader in CopyFiles */,
				E30775701EDFC988008D133E /* fragment.shader in CopyFiles */,
			);
			runOnlyForDeploymentPostprocessing = 0;
		};
/* End PBXCopyFilesBuildPhase section */

/* Begin PBXFileReference section */
		E30775591EDFBA19008D133E /* rollerCoaster */ = {isa = PBXFileReference; explicitFileType = "compiled.mach-o.executable"; includeInIndex = 0; path = rollerCoaster; sourceTree = BUILT_PRODUCTS_DIR; };
		E307755C1EDFBA19008D133E /* main.cpp */ = {isa = PBXFileReference; lastKnownFileType = sourcecode.cpp.cpp; path = main.cpp; sourceTree = "<group>"; };
		E30775641EDFBBA7008D133E /* OpenGL.framework */ = {isa = PBXFileReference; lastKnownFileType = wrapper.framework; name = OpenGL.framework; path = System/Library/Frameworks/OpenGL.framework; sourceTree = SDKROOT; };
		E30775661EDFBC1E008D133E /* libglfw.3.2.dylib */ = {isa = PBXFileReference; lastKnownFileType = "compiled.mach-o.dylib"; name = libglfw.3.2.dylib; path = ../../../../../../../usr/local/Cellar/glfw/3.2.1/lib/libglfw.3.2.dylib; sourceTree = "<group>"; };
		E30775681EDFBC44008D133E /* libGLEW.2.0.0.dylib */ = {isa = PBXFileReference; lastKnownFileType = "compiled.mach-o.dylib"; name = libGLEW.2.0.0.dylib; path = ../../../../../../../usr/local/Cellar/glew/2.0.0/lib/libGLEW.2.0.0.dylib; sourceTree = "<group>"; };
		E307756A1EDFBC59008D133E /* libassimp.3.3.1.dylib */ = {isa = PBXFileReference; lastKnownFileType = "compiled.mach-o.dylib"; name = libassimp.3.3.1.dylib; path = ../../../../../../../usr/local/Cellar/assimp/3.3.1/lib/libassimp.3.3.1.dylib; sourceTree = "<group>"; };
		E307756C1EDFBCDF008D133E /* fragment.shader */ = {isa = PBXFileReference; fileEncoding = 4; lastKnownFileType = text; path = fragment.shader; sourceTree = "<group>"; };
		E307756D1EDFBCF4008D133E /* vertex.shader */ = {isa = PBXFileReference; fileEncoding = 4; lastKnownFileType = text; path = vertex.shader; sourceTree = "<group>"; };
		E3277A061EE6A0EC00C5E8F3 /* SOIL2 */ = {isa = PBXFileReference; lastKnownFileType = folder; path = SOIL2; sourceTree = "<group>"; };
		E3C338451EE37DD000DEF2A4 /* shader.h */ = {isa = PBXFileReference; lastKnownFileType = sourcecode.c.h; path = shader.h; sourceTree = "<group>"; };
		E3C338461EE3804A00DEF2A4 /* vertex2.shader */ = {isa = PBXFileReference; fileEncoding = 4; lastKnownFileType = text; path = vertex2.shader; sourceTree = "<group>"; };
		E3C338471EE381E400DEF2A4 /* fragment2.shader */ = {isa = PBXFileReference; fileEncoding = 4; lastKnownFileType = text; path = fragment2.shader; sourceTree = "<group>"; };
/* End PBXFileReference section */

/* Begin PBXFrameworksBuildPhase section */
		E30775561EDFBA19008D133E /* Frameworks */ = {
			isa = PBXFrameworksBuildPhase;
			buildActionMask = 2147483647;
			files = (
				E307756B1EDFBC59008D133E /* libassimp.3.3.1.dylib in Frameworks */,
				E30775691EDFBC44008D133E /* libGLEW.2.0.0.dylib in Frameworks */,
				E30775671EDFBC1E008D133E /* libglfw.3.2.dylib in Frameworks */,
				E30775651EDFBBA7008D133E /* OpenGL.framework in Frameworks */,
			);
			runOnlyForDeploymentPostprocessing = 0;
		};
/* End PBXFrameworksBuildPhase section */

/* Begin PBXGroup section */
		E30775501EDFBA19008D133E = {
			isa = PBXGroup;
			children = (
				E307755B1EDFBA19008D133E /* rollerCoaster */,
				E307755A1EDFBA19008D133E /* Products */,
				E30775631EDFBBA7008D133E /* Frameworks */,
			);
			sourceTree = "<group>";
		};
		E307755A1EDFBA19008D133E /* Products */ = {
			isa = PBXGroup;
			children = (
				E30775591EDFBA19008D133E /* rollerCoaster */,
			);
			name = Products;
			sourceTree = "<group>";
		};
		E307755B1EDFBA19008D133E /* rollerCoaster */ = {
			isa = PBXGroup;
			children = (
				E3277A061EE6A0EC00C5E8F3 /* SOIL2 */,
				E307755C1EDFBA19008D133E /* main.cpp */,
				E307756C1EDFBCDF008D133E /* fragment.shader */,
				E307756D1EDFBCF4008D133E /* vertex.shader */,
				E3C338451EE37DD000DEF2A4 /* shader.h */,
				E3C338461EE3804A00DEF2A4 /* vertex2.shader */,
				E3C338471EE381E400DEF2A4 /* fragment2.shader */,
			);
			path = rollerCoaster;
			sourceTree = "<group>";
		};
		E30775631EDFBBA7008D133E /* Frameworks */ = {
			isa = PBXGroup;
			children = (
				E307756A1EDFBC59008D133E /* libassimp.3.3.1.dylib */,
				E30775681EDFBC44008D133E /* libGLEW.2.0.0.dylib */,
				E30775661EDFBC1E008D133E /* libglfw.3.2.dylib */,
				E30775641EDFBBA7008D133E /* OpenGL.framework */,
			);
			name = Frameworks;
			sourceTree = "<group>";
		};
/* End PBXGroup section */

/* Begin PBXNativeTarget section */
		E30775581EDFBA19008D133E /* rollerCoaster */ = {
			isa = PBXNativeTarget;
			buildConfigurationList = E30775601EDFBA19008D133E /* Build configuration list for PBXNativeTarget "rollerCoaster" */;
			buildPhases = (
				E30775551EDFBA19008D133E /* Sources */,
				E30775561EDFBA19008D133E /* Frameworks */,
				E30775571EDFBA19008D133E /* CopyFiles */,
			);
			buildRules = (
			);
			dependencies = (
			);
			name = rollerCoaster;
			productName = rollerCoaster;
			productReference = E30775591EDFBA19008D133E /* rollerCoaster */;
			productType = "com.apple.product-type.tool";
		};
/* End PBXNativeTarget section */

/* Begin PBXProject section */
		E30775511EDFBA19008D133E /* Project object */ = {
			isa = PBXProject;
			attributes = {
				LastUpgradeCheck = 0830;
				ORGANIZATIONNAME = xiaoyu;
				TargetAttributes = {
					E30775581EDFBA19008D133E = {
						CreatedOnToolsVersion = 8.3.2;
						ProvisioningStyle = Automatic;
					};
				};
			};
			buildConfigurationList = E30775541EDFBA19008D133E /* Build configuration list for PBXProject "rollerCoaster" */;
			compatibilityVersion = "Xcode 3.2";
			developmentRegion = English;
			hasScannedForEncodings = 0;
			knownRegions = (
				en,
			);
			mainGroup = E30775501EDFBA19008D133E;
			productRefGroup = E307755A1EDFBA19008D133E /* Products */;
			projectDirPath = "";
			projectRoot = "";
			targets = (
				E30775581EDFBA19008D133E /* rollerCoaster */,
			);
		};
/* End PBXProject section */

/* Begin PBXSourcesBuildPhase section */
		E30775551EDFBA19008D133E /* Sources */ = {
			isa = PBXSourcesBuildPhase;
			buildActionMask = 2147483647;
			files = (
				E307755D1EDFBA19008D133E /* main.cpp in Sources */,
			);
			runOnlyForDeploymentPostprocessing = 0;
		};
/* End PBXSourcesBuildPhase section */

/* Begin XCBuildConfiguration section */
		E307755E1EDFBA19008D133E /* Debug */ = {
			isa = XCBuildConfiguration;
			buildSettings = {
				ALWAYS_SEARCH_USER_PATHS = NO;
				CLANG_ANALYZER_NONNULL = YES;
				CLANG_ANALYZER_NUMBER_OBJECT_CONVERSION = YES_AGGRESSIVE;
				CLANG_CXX_LANGUAGE_STANDARD = "gnu++0x";
				CLANG_CXX_LIBRARY = "libc++";
				CLANG_ENABLE_MODULES = YES;
				CLANG_ENABLE_OBJC_ARC = YES;
				CLANG_WARN_BOOL_CONVERSION = YES;
				CLANG_WARN_CONSTANT_CONVERSION = YES;
				CLANG_WARN_DIRECT_OBJC_ISA_USAGE = YES_ERROR;
				CLANG_WARN_DOCUMENTATION_COMMENTS = YES;
				CLANG_WARN_EMPTY_BODY = YES;
				CLANG_WARN_ENUM_CONVERSION = YES;
				CLANG_WARN_INFINITE_RECURSION = YES;
				CLANG_WARN_INT_CONVERSION = YES;
				CLANG_WARN_OBJC_ROOT_CLASS = YES_ERROR;
				CLANG_WARN_SUSPICIOUS_MOVE = YES;
				CLANG_WARN_UNREACHABLE_CODE = YES;
				CLANG_WARN__DUPLICATE_METHOD_MATCH = YES;
				CODE_SIGN_IDENTITY = "-";
				COPY_PHASE_STRIP = NO;
				DEBUG_INFORMATION_FORMAT = dwarf;
				ENABLE_STRICT_OBJC_MSGSEND = YES;
				ENABLE_TESTABILITY = YES;
				GCC_C_LANGUAGE_STANDARD = gnu99;
				GCC_DYNAMIC_NO_PIC = NO;
				GCC_NO_COMMON_BLOCKS = YES;
				GCC_OPTIMIZATION_LEVEL = 0;
				GCC_PREPROCESSOR_DEFINITIONS = (
					"DEBUG=1",
					"$(inherited)",
				);
				GCC_WARN_64_TO_32_BIT_CONVERSION = YES;
				GCC_WARN_ABOUT_RETURN_TYPE = YES_ERROR;
				GCC_WARN_UNDECLARED_SELECTOR = YES;
				GCC_WARN_UNINITIALIZED_AUTOS = YES_AGGRESSIVE;
				GCC_WARN_UNUSED_FUNCTION = YES;
				GCC_WARN_UNUSED_VARIABLE = YES;
				MACOSX_DEPLOYMENT_TARGET = 10.12;
				MTL_ENABLE_DEBUG_INFO = YES;
				ONLY_ACTIVE_ARCH = YES;
				SDKROOT = macosx;
			};
			name = Debug;
		};
		E307755F1EDFBA19008D133E /* Release */ = {
			isa = XCBuildConfiguration;
			buildSettings = {
				ALWAYS_SEARCH_USER_PATHS = NO;
				CLANG_ANALYZER_NONNULL = YES;
				CLANG_ANALYZER_NUMBER_OBJECT_CONVERSION = YES_AGGRESSIVE;
				CLANG_CXX_LANGUAGE_STANDARD = "gnu++0x";
				CLANG_CXX_LIBRARY = "libc++";
				CLANG_ENABLE_MODULES = YES;
				CLANG_ENABLE_OBJC_ARC = YES;
				CLANG_WARN_BOOL_CONVERSION = YES;
				CLANG_WARN_CONSTANT_CONVERSION = YES;
				CLANG_WARN_DIRECT_OBJC_ISA_USAGE = YES_ERROR;
				CLANG_WARN_DOCUMENTATION_COMMENTS = YES;
				CLANG_WARN_EMPTY_BODY = YES;
				CLANG_WARN_ENUM_CONVERSION = YES;
				CLANG_WARN_INFINITE_RECURSION = YES;
				CLANG_WARN_INT_CONVERSION = YES;
				CLANG_WARN_OBJC_ROOT_CLASS = YES_ERROR;
				CLANG_WARN_SUSPICIOUS_MOVE = YES;
				CLANG_WARN_UNREACHABLE_CODE = YES;
				CLANG_WARN__DUPLICATE_METHOD_MATCH = YES;
				CODE_SIGN_IDENTITY = "-";
				COPY_PHASE_STRIP = NO;
				DEBUG_INFORMATION_FORMAT = "dwarf-with-dsym";
				ENABLE_NS_ASSERTIONS = NO;
				ENABLE_STRICT_OBJC_MSGSEND = YES;
				GCC_C_LANGUAGE_STANDARD = gnu99;
				GCC_NO_COMMON_BLOCKS = YES;
				GCC_WARN_64_TO_32_BIT_CONVERSION = YES;
				GCC_WARN_ABOUT_RETURN_TYPE = YES_ERROR;
				GCC_WARN_UNDECLARED_SELECTOR = YES;
				GCC_WARN_UNINITIALIZED_AUTOS = YES_AGGRESSIVE;
				GCC_WARN_UNUSED_FUNCTION = YES;
				GCC_WARN_UNUSED_VARIABLE = YES;
				MACOSX_DEPLOYMENT_TARGET = 10.12;
				MTL_ENABLE_DEBUG_INFO = NO;
				SDKROOT = macosx;
			};
			name = Release;
		};
		E30775611EDFBA19008D133E /* Debug */ = {
			isa = XCBuildConfiguration;
			buildSettings = {
				HEADER_SEARCH_PATHS = /usr/local/include;
				LIBRARY_SEARCH_PATHS = (
					"$(inherited)",
					/usr/local/Cellar/glfw/3.2.1/lib,
					/usr/local/Cellar/glew/2.0.0/lib,
					/usr/local/Cellar/assimp/3.3.1/lib,
				);
				PRODUCT_NAME = "$(TARGET_NAME)";
			};
			name = Debug;
		};
		E30775621EDFBA19008D133E /* Release */ = {
			isa = XCBuildConfiguration;
			buildSettings = {
				HEADER_SEARCH_PATHS = /usr/local/include;
				LIBRARY_SEARCH_PATHS = (
					"$(inherited)",
					/usr/local/Cellar/glfw/3.2.1/lib,
					/usr/local/Cellar/glew/2.0.0/lib,
					/usr/local/Cellar/assimp/3.3.1/lib,
				);
				PRODUCT_NAME = "$(TARGET_NAME)";
			};
			name = Release;
		};
/* End XCBuildConfiguration section */

/* Begin XCConfigurationList section */
		E30775541EDFBA19008D133E /* Build configuration list for PBXProject "rollerCoaster" */ = {
			isa = XCConfigurationList;
			buildConfigurations = (
				E307755E1EDFBA19008D133E /* Debug */,
				E307755F1EDFBA19008D133E /* Release */,
			);
			defaultConfigurationIsVisible = 0;
			defaultConfigurationName = Release;
		};
		E30775601EDFBA19008D133E /* Build configuration list for PBXNativeTarget "rollerCoaster" */ = {
			isa = XCConfigurationList;
			buildConfigurations = (
				E30775611EDFBA19008D133E /* Debug */,
				E30775621EDFBA19008D133E /* Release */,
			);
			defaultConfigurationIsVisible = 0;
			defaultConfigurationName = Release;
		};
/* End XCConfigurationList section */
	};
	rootObject = E30775511EDFBA19008D133E /* Project object */;
}
